
Microsoft Visual Studio Solution File, Format Version 12.00
# Visual Studio Version 17
VisualStudioVersion = 17.7.34221.43
MinimumVisualStudioVersion = 10.0.40219.1
Project("{FAE04EC0-301F-11D3-BF4B-00C04F79EFBC}") = "CurrencyTrackingGA", "CurrencyTrackingGA\CurrencyTrackingGA.csproj", "{FDACD2E1-1439-4A8B-B44C-5A226826D8F9}"
EndProject
Project("{2150E333-8FDC-42A3-9474-1A3956D46DE8}") = "Configuration", "Configuration", "{48D59A89-3FFE-4494-87CE-AB4908853D9C}"
	ProjectSection(SolutionItems) = preProject
		.dockerignore = .dockerignore
		Dockerfile = Dockerfile
	EndProjectSection
EndProject
Global
	GlobalSection(SolutionConfigurationPlatforms) = preSolution
		Debug|Any CPU = Debug|Any CPU
		Release|Any CPU = Release|Any CPU
	EndGlobalSection
	GlobalSection(ProjectConfigurationPlatforms) = postSolution
		{FDACD2E1-1439-4A8B-B44C-5A226826D8F9}.Debug|Any CPU.ActiveCfg = Debug|Any CPU
		{FDACD2E1-1439-4A8B-B44C-5A226826D8F9}.Debug|Any CPU.Build.0 = Debug|Any CPU
		{FDACD2E1-1439-4A8B-B44C-5A226826D8F9}.Release|Any CPU.ActiveCfg = Release|Any CPU
		{FDACD2E1-1439-4A8B-B44C-5A226826D8F9}.Release|Any CPU.Build.0 = Release|Any CPU
	EndGlobalSection
	GlobalSection(SolutionProperties) = preSolution
		HideSolutionNode = FALSE
	EndGlobalSection
	GlobalSection(ExtensibilityGlobals) = postSolution
		SolutionGuid = {6D884582-6008-47C3-89D5-4A99DBF51B3B}
	EndGlobalSection
EndGlobal
